
Microsoft Visual Studio Solution File, Format Version 12.00
# Visual Studio 2013
VisualStudioVersion = 12.0.31101.0
MinimumVisualStudioVersion = 10.0.40219.1
Project("{2150E333-8FDC-42A3-9474-1A3956D46DE8}") = ".nuget", ".nuget", "{C168AC33-D22F-4453-9E85-51245F5EFA41}"
	ProjectSection(SolutionItems) = preProject
		.nuget\NuGet.Config = .nuget\NuGet.Config
		.nuget\NuGet.exe = .nuget\NuGet.exe
		.nuget\NuGet.targets = .nuget\NuGet.targets
	EndProjectSection
EndProject
Project("{2150E333-8FDC-42A3-9474-1A3956D46DE8}") = ".build", ".build", "{3BA9BECF-5433-4C34-A9DC-B8B9477428F3}"
EndProject
Project("{2150E333-8FDC-42A3-9474-1A3956D46DE8}") = "source", "source", "{CF2E563C-EB77-403D-A722-146F73C1BF0D}"
EndProject
Project("{2150E333-8FDC-42A3-9474-1A3956D46DE8}") = "unit-test", "unit-test", "{B19761DC-E3B9-4D17-854C-C6D442477118}"
EndProject
Project("{2150E333-8FDC-42A3-9474-1A3956D46DE8}") = "test-bed", "test-bed", "{4966A980-89ED-4CA1-9A45-A1272E9BCBC0}"
EndProject
Project("{FAE04EC0-301F-11D3-BF4B-00C04F79EFBC}") = "Shopify.Api", "source\Shopify.Api\Shopify.Api.csproj", "{B9C39BEC-13BF-43EC-BDC8-BC546D768195}"
EndProject
Project("{FAE04EC0-301F-11D3-BF4B-00C04F79EFBC}") = "Shopify.WebTest", "test-bed\Shopify.WebTest\Shopify.WebTest.csproj", "{766130BA-57DF-4CDA-8B2C-298C0AEDEC4E}"
EndProject
Project("{FAE04EC0-301F-11D3-BF4B-00C04F79EFBC}") = "Shopify.MvcTest", "test-bed\Shopify.MvcTest\Shopify.MvcTest.csproj", "{4890C5CC-1019-49BD-A378-BED00763986C}"
EndProject
Project("{FAE04EC0-301F-11D3-BF4B-00C04F79EFBC}") = "Shopify.OAuth (NET20)", "source\Shopify.OAuth (NET20)\Shopify.OAuth (NET20).csproj", "{D3D8073E-63AE-4558-BD1B-351D413F0F38}"
EndProject
Global
	GlobalSection(SolutionConfigurationPlatforms) = preSolution
		Debug|Any CPU = Debug|Any CPU
		Release|Any CPU = Release|Any CPU
	EndGlobalSection
	GlobalSection(ProjectConfigurationPlatforms) = postSolution
		{B9C39BEC-13BF-43EC-BDC8-BC546D768195}.Debug|Any CPU.ActiveCfg = Debug|Any CPU
		{B9C39BEC-13BF-43EC-BDC8-BC546D768195}.Debug|Any CPU.Build.0 = Debug|Any CPU
		{B9C39BEC-13BF-43EC-BDC8-BC546D768195}.Release|Any CPU.ActiveCfg = Release|Any CPU
		{B9C39BEC-13BF-43EC-BDC8-BC546D768195}.Release|Any CPU.Build.0 = Release|Any CPU
		{766130BA-57DF-4CDA-8B2C-298C0AEDEC4E}.Debug|Any CPU.ActiveCfg = Debug|Any CPU
		{766130BA-57DF-4CDA-8B2C-298C0AEDEC4E}.Debug|Any CPU.Build.0 = Debug|Any CPU
		{766130BA-57DF-4CDA-8B2C-298C0AEDEC4E}.Release|Any CPU.ActiveCfg = Release|Any CPU
		{766130BA-57DF-4CDA-8B2C-298C0AEDEC4E}.Release|Any CPU.Build.0 = Release|Any CPU
		{4890C5CC-1019-49BD-A378-BED00763986C}.Debug|Any CPU.ActiveCfg = Debug|Any CPU
		{4890C5CC-1019-49BD-A378-BED00763986C}.Debug|Any CPU.Build.0 = Debug|Any CPU
		{4890C5CC-1019-49BD-A378-BED00763986C}.Release|Any CPU.ActiveCfg = Release|Any CPU
		{4890C5CC-1019-49BD-A378-BED00763986C}.Release|Any CPU.Build.0 = Release|Any CPU
		{D3D8073E-63AE-4558-BD1B-351D413F0F38}.Debug|Any CPU.ActiveCfg = Debug|Any CPU
		{D3D8073E-63AE-4558-BD1B-351D413F0F38}.Debug|Any CPU.Build.0 = Debug|Any CPU
		{D3D8073E-63AE-4558-BD1B-351D413F0F38}.Release|Any CPU.ActiveCfg = Release|Any CPU
		{D3D8073E-63AE-4558-BD1B-351D413F0F38}.Release|Any CPU.Build.0 = Release|Any CPU
	EndGlobalSection
	GlobalSection(SolutionProperties) = preSolution
		HideSolutionNode = FALSE
	EndGlobalSection
	GlobalSection(NestedProjects) = preSolution
		{B9C39BEC-13BF-43EC-BDC8-BC546D768195} = {CF2E563C-EB77-403D-A722-146F73C1BF0D}
		{766130BA-57DF-4CDA-8B2C-298C0AEDEC4E} = {4966A980-89ED-4CA1-9A45-A1272E9BCBC0}
		{4890C5CC-1019-49BD-A378-BED00763986C} = {4966A980-89ED-4CA1-9A45-A1272E9BCBC0}
		{D3D8073E-63AE-4558-BD1B-351D413F0F38} = {CF2E563C-EB77-403D-A722-146F73C1BF0D}
	EndGlobalSection
EndGlobal
